
Microsoft Visual Studio Solution File, Format Version 12.00
# Visual Studio 2015
Project("{FAE04EC0-301F-11D3-BF4B-00C04F79EFBC}") = "Getting started.Plugins", "Getting started.Plugins.csproj", "{F8463FD4-93B9-E513-977B-EB4BA5D445D3}"
EndProject
Project("{FAE04EC0-301F-11D3-BF4B-00C04F79EFBC}") = "Getting started.Editor.Plugins", "Getting started.Editor.Plugins.csproj", "{EB13A2A0-849C-36C1-38FF-C29C6384B345}"
EndProject
Global
	GlobalSection(SolutionConfigurationPlatforms) = preSolution
		Debug|Any CPU = Debug|Any CPU
		Release|Any CPU = Release|Any CPU
	EndGlobalSection
	GlobalSection(ProjectConfigurationPlatforms) = postSolution
		{F8463FD4-93B9-E513-977B-EB4BA5D445D3}.Debug|Any CPU.ActiveCfg = Debug|Any CPU
		{F8463FD4-93B9-E513-977B-EB4BA5D445D3}.Debug|Any CPU.Build.0 = Debug|Any CPU
		{F8463FD4-93B9-E513-977B-EB4BA5D445D3}.Release|Any CPU.ActiveCfg = Release|Any CPU
		{F8463FD4-93B9-E513-977B-EB4BA5D445D3}.Release|Any CPU.Build.0 = Release|Any CPU
		{EB13A2A0-849C-36C1-38FF-C29C6384B345}.Debug|Any CPU.ActiveCfg = Debug|Any CPU
		{EB13A2A0-849C-36C1-38FF-C29C6384B345}.Debug|Any CPU.Build.0 = Debug|Any CPU
		{EB13A2A0-849C-36C1-38FF-C29C6384B345}.Release|Any CPU.ActiveCfg = Release|Any CPU
		{EB13A2A0-849C-36C1-38FF-C29C6384B345}.Release|Any CPU.Build.0 = Release|Any CPU
	EndGlobalSection
	GlobalSection(SolutionProperties) = preSolution
		HideSolutionNode = FALSE
	EndGlobalSection
EndGlobal
